
Microsoft Visual Studio Solution File, Format Version 12.00
# Visual Studio 2012
Project("{FAE04EC0-301F-11D3-BF4B-00C04F79EFBC}") = "SaveScummer", "SaveScummer\SaveScummer.csproj", "{6353E59B-3B10-44AF-93C2-36D26008914E}"
EndProject
Global
	GlobalSection(SolutionConfigurationPlatforms) = preSolution
		Debug|Any CPU = Debug|Any CPU
		Release|Any CPU = Release|Any CPU
	EndGlobalSection
	GlobalSection(ProjectConfigurationPlatforms) = postSolution
		{6353E59B-3B10-44AF-93C2-36D26008914E}.Debug|Any CPU.ActiveCfg = Debug|Any CPU
		{6353E59B-3B10-44AF-93C2-36D26008914E}.Debug|Any CPU.Build.0 = Debug|Any CPU
		{6353E59B-3B10-44AF-93C2-36D26008914E}.Release|Any CPU.ActiveCfg = Release|Any CPU
		{6353E59B-3B10-44AF-93C2-36D26008914E}.Release|Any CPU.Build.0 = Release|Any CPU
	EndGlobalSection
	GlobalSection(SolutionProperties) = preSolution
		HideSolutionNode = FALSE
	EndGlobalSection
EndGlobal
